
Microsoft Visual Studio Solution File, Format Version 12.00
# Visual Studio 15
VisualStudioVersion = 15.0.26430.14
MinimumVisualStudioVersion = 10.0.40219.1
Project("{FAE04EC0-301F-11D3-BF4B-00C04F79EFBC}") = "Selly.Agent.Windows", "Selly.Agent.Windows\Selly.Agent.Windows.csproj", "{BFC6EC85-C99E-4FED-9CA2-B42261366CAB}"
EndProject
Project("{9A19103F-16F7-4668-BE54-9A1E7A4F7556}") = "Selly.Agent.Linux", "Selly.Agent.Linux\Selly.Agent.Linux.csproj", "{2880D457-9845-4A74-AFCF-4546208B4539}"
EndProject
Project("{9A19103F-16F7-4668-BE54-9A1E7A4F7556}") = "Selly.Agent.API", "Selly.Agent.API\Selly.Agent.API.csproj", "{FCCC8BE9-BB05-49CB-A571-11E0F2E525A0}"
EndProject
Project("{9A19103F-16F7-4668-BE54-9A1E7A4F7556}") = "Selly.NMS.Web", "Selly.NMS.Web\Selly.NMS.Web.csproj", "{AAEE3680-06BC-461C-A030-0CA1646B0686}"
EndProject
Project("{9A19103F-16F7-4668-BE54-9A1E7A4F7556}") = "Selly.NMS.API", "Selly.NMS.API\Selly.NMS.API.csproj", "{868B8578-5D24-4D81-918A-7311942B410D}"
EndProject
Project("{9A19103F-16F7-4668-BE54-9A1E7A4F7556}") = "Selly.Agent.API.DTO", "Selly.Agent.API.DTO\Selly.Agent.API.DTO.csproj", "{490F30C6-DC7C-41BA-BE11-C02EDA991959}"
EndProject
Project("{9A19103F-16F7-4668-BE54-9A1E7A4F7556}") = "Selly.Agent.Linux.Models", "Selly.Agent.Linux.Models\Selly.Agent.Linux.Models.csproj", "{C26129D8-E156-494E-AB83-F5CE0F0BC0CE}"
EndProject
Project("{9A19103F-16F7-4668-BE54-9A1E7A4F7556}") = "Selly.Agent.Windows.Models", "Selly.Agent.Windows.Models\Selly.Agent.Windows.Models.csproj", "{83A8B035-AC59-4CDC-A1E2-87746971B844}"
EndProject
Project("{FAE04EC0-301F-11D3-BF4B-00C04F79EFBC}") = "Selly.Agent.Windows.FirewallAPI", "Selly.Agent.Windows.FirewallAPI\Selly.Agent.Windows.FirewallAPI.csproj", "{459F9022-38F9-46BB-9E88-C8C2E66CA86C}"
EndProject
Project("{9A19103F-16F7-4668-BE54-9A1E7A4F7556}") = "Selly.Agent.Linux.FirewallAPI", "Selly.Agent.Linux.FirewallAPI\Selly.Agent.Linux.FirewallAPI.csproj", "{7A578E81-2324-4CBA-8E7A-B20AFA7B4F60}"
EndProject
Project("{9A19103F-16F7-4668-BE54-9A1E7A4F7556}") = "Selly.Agent.Generic.Models", "Selly.Agent.Generic.Models\Selly.Agent.Generic.Models.csproj", "{966A9D76-AD92-40B3-8708-F7AABCA824CB}"
EndProject
Project("{9A19103F-16F7-4668-BE54-9A1E7A4F7556}") = "Selly.NMS.API.DTO", "Selly.NMS.API.DTO\Selly.NMS.API.DTO.csproj", "{3B5F9992-F5AD-4269-A3DB-465E33589A37}"
EndProject
Project("{8BC9CEB8-8B4A-11D0-8D11-00A0C91BC942}") = "Selly.Agent.Windows.FirewallAPI.FilterFinder", "Selly.Agent.Windows.FirewallAPI.FilterFinder\Selly.Agent.Windows.FirewallAPI.FilterFinder.vcxproj", "{1604A6CC-1B9E-4FCC-B3D4-6E1F39EFF8FC}"
EndProject
Project("{FAE04EC0-301F-11D3-BF4B-00C04F79EFBC}") = "TestHarness", "TestHarness\TestHarness.csproj", "{071F6F9C-2D26-4BA7-ADC5-674B5D35AF37}"
EndProject
Project("{FAE04EC0-301F-11D3-BF4B-00C04F79EFBC}") = "SharpSnmpLib.NetStandard", "SharpSnmpLib.NetStandard\SharpSnmpLib.NetStandard.csproj", "{4E241E4C-70B8-47FC-A607-9077241F3CBC}"
EndProject
Global
	GlobalSection(SolutionConfigurationPlatforms) = preSolution
		Debug x64|Any CPU = Debug x64|Any CPU
		Debug x64|x64 = Debug x64|x64
		Debug x64|x86 = Debug x64|x86
		Debug x86|Any CPU = Debug x86|Any CPU
		Debug x86|x64 = Debug x86|x64
		Debug x86|x86 = Debug x86|x86
		Debug|Any CPU = Debug|Any CPU
		Debug|x64 = Debug|x64
		Debug|x86 = Debug|x86
		Release x64|Any CPU = Release x64|Any CPU
		Release x64|x64 = Release x64|x64
		Release x64|x86 = Release x64|x86
		Release x86|Any CPU = Release x86|Any CPU
		Release x86|x64 = Release x86|x64
		Release x86|x86 = Release x86|x86
		Release|Any CPU = Release|Any CPU
		Release|x64 = Release|x64
		Release|x86 = Release|x86
	EndGlobalSection
	GlobalSection(ProjectConfigurationPlatforms) = postSolution
		{BFC6EC85-C99E-4FED-9CA2-B42261366CAB}.Debug x64|Any CPU.ActiveCfg = Debug|Any CPU
		{BFC6EC85-C99E-4FED-9CA2-B42261366CAB}.Debug x64|Any CPU.Build.0 = Debug|Any CPU
		{BFC6EC85-C99E-4FED-9CA2-B42261366CAB}.Debug x64|x64.ActiveCfg = Debug|Any CPU
		{BFC6EC85-C99E-4FED-9CA2-B42261366CAB}.Debug x64|x64.Build.0 = Debug|Any CPU
		{BFC6EC85-C99E-4FED-9CA2-B42261366CAB}.Debug x64|x86.ActiveCfg = Debug|Any CPU
		{BFC6EC85-C99E-4FED-9CA2-B42261366CAB}.Debug x64|x86.Build.0 = Debug|Any CPU
		{BFC6EC85-C99E-4FED-9CA2-B42261366CAB}.Debug x86|Any CPU.ActiveCfg = Debug|Any CPU
		{BFC6EC85-C99E-4FED-9CA2-B42261366CAB}.Debug x86|Any CPU.Build.0 = Debug|Any CPU
		{BFC6EC85-C99E-4FED-9CA2-B42261366CAB}.Debug x86|x64.ActiveCfg = Debug|Any CPU
		{BFC6EC85-C99E-4FED-9CA2-B42261366CAB}.Debug x86|x64.Build.0 = Debug|Any CPU
		{BFC6EC85-C99E-4FED-9CA2-B42261366CAB}.Debug x86|x86.ActiveCfg = Debug|Any CPU
		{BFC6EC85-C99E-4FED-9CA2-B42261366CAB}.Debug x86|x86.Build.0 = Debug|Any CPU
		{BFC6EC85-C99E-4FED-9CA2-B42261366CAB}.Debug|Any CPU.ActiveCfg = Debug|Any CPU
		{BFC6EC85-C99E-4FED-9CA2-B42261366CAB}.Debug|Any CPU.Build.0 = Debug|Any CPU
		{BFC6EC85-C99E-4FED-9CA2-B42261366CAB}.Debug|x64.ActiveCfg = Debug|Any CPU
		{BFC6EC85-C99E-4FED-9CA2-B42261366CAB}.Debug|x64.Build.0 = Debug|Any CPU
		{BFC6EC85-C99E-4FED-9CA2-B42261366CAB}.Debug|x86.ActiveCfg = Debug|Any CPU
		{BFC6EC85-C99E-4FED-9CA2-B42261366CAB}.Debug|x86.Build.0 = Debug|Any CPU
		{BFC6EC85-C99E-4FED-9CA2-B42261366CAB}.Release x64|Any CPU.ActiveCfg = Release|Any CPU
		{BFC6EC85-C99E-4FED-9CA2-B42261366CAB}.Release x64|Any CPU.Build.0 = Release|Any CPU
		{BFC6EC85-C99E-4FED-9CA2-B42261366CAB}.Release x64|x64.ActiveCfg = Release|Any CPU
		{BFC6EC85-C99E-4FED-9CA2-B42261366CAB}.Release x64|x64.Build.0 = Release|Any CPU
		{BFC6EC85-C99E-4FED-9CA2-B42261366CAB}.Release x64|x86.ActiveCfg = Release|Any CPU
		{BFC6EC85-C99E-4FED-9CA2-B42261366CAB}.Release x64|x86.Build.0 = Release|Any CPU
		{BFC6EC85-C99E-4FED-9CA2-B42261366CAB}.Release x86|Any CPU.ActiveCfg = Release|Any CPU
		{BFC6EC85-C99E-4FED-9CA2-B42261366CAB}.Release x86|Any CPU.Build.0 = Release|Any CPU
		{BFC6EC85-C99E-4FED-9CA2-B42261366CAB}.Release x86|x64.ActiveCfg = Release|Any CPU
		{BFC6EC85-C99E-4FED-9CA2-B42261366CAB}.Release x86|x64.Build.0 = Release|Any CPU
		{BFC6EC85-C99E-4FED-9CA2-B42261366CAB}.Release x86|x86.ActiveCfg = Release|Any CPU
		{BFC6EC85-C99E-4FED-9CA2-B42261366CAB}.Release x86|x86.Build.0 = Release|Any CPU
		{BFC6EC85-C99E-4FED-9CA2-B42261366CAB}.Release|Any CPU.ActiveCfg = Release|Any CPU
		{BFC6EC85-C99E-4FED-9CA2-B42261366CAB}.Release|Any CPU.Build.0 = Release|Any CPU
		{BFC6EC85-C99E-4FED-9CA2-B42261366CAB}.Release|x64.ActiveCfg = Release|Any CPU
		{BFC6EC85-C99E-4FED-9CA2-B42261366CAB}.Release|x64.Build.0 = Release|Any CPU
		{BFC6EC85-C99E-4FED-9CA2-B42261366CAB}.Release|x86.ActiveCfg = Release|Any CPU
		{BFC6EC85-C99E-4FED-9CA2-B42261366CAB}.Release|x86.Build.0 = Release|Any CPU
		{2880D457-9845-4A74-AFCF-4546208B4539}.Debug x64|Any CPU.ActiveCfg = Debug|Any CPU
		{2880D457-9845-4A74-AFCF-4546208B4539}.Debug x64|Any CPU.Build.0 = Debug|Any CPU
		{2880D457-9845-4A74-AFCF-4546208B4539}.Debug x64|x64.ActiveCfg = Debug|Any CPU
		{2880D457-9845-4A74-AFCF-4546208B4539}.Debug x64|x64.Build.0 = Debug|Any CPU
		{2880D457-9845-4A74-AFCF-4546208B4539}.Debug x64|x86.ActiveCfg = Debug|Any CPU
		{2880D457-9845-4A74-AFCF-4546208B4539}.Debug x64|x86.Build.0 = Debug|Any CPU
		{2880D457-9845-4A74-AFCF-4546208B4539}.Debug x86|Any CPU.ActiveCfg = Debug|Any CPU
		{2880D457-9845-4A74-AFCF-4546208B4539}.Debug x86|Any CPU.Build.0 = Debug|Any CPU
		{2880D457-9845-4A74-AFCF-4546208B4539}.Debug x86|x64.ActiveCfg = Debug|Any CPU
		{2880D457-9845-4A74-AFCF-4546208B4539}.Debug x86|x64.Build.0 = Debug|Any CPU
		{2880D457-9845-4A74-AFCF-4546208B4539}.Debug x86|x86.ActiveCfg = Debug|Any CPU
		{2880D457-9845-4A74-AFCF-4546208B4539}.Debug x86|x86.Build.0 = Debug|Any CPU
		{2880D457-9845-4A74-AFCF-4546208B4539}.Debug|Any CPU.ActiveCfg = Debug|Any CPU
		{2880D457-9845-4A74-AFCF-4546208B4539}.Debug|Any CPU.Build.0 = Debug|Any CPU
		{2880D457-9845-4A74-AFCF-4546208B4539}.Debug|x64.ActiveCfg = Debug|Any CPU
		{2880D457-9845-4A74-AFCF-4546208B4539}.Debug|x64.Build.0 = Debug|Any CPU
		{2880D457-9845-4A74-AFCF-4546208B4539}.Debug|x86.ActiveCfg = Debug|Any CPU
		{2880D457-9845-4A74-AFCF-4546208B4539}.Debug|x86.Build.0 = Debug|Any CPU
		{2880D457-9845-4A74-AFCF-4546208B4539}.Release x64|Any CPU.ActiveCfg = Release|Any CPU
		{2880D457-9845-4A74-AFCF-4546208B4539}.Release x64|Any CPU.Build.0 = Release|Any CPU
		{2880D457-9845-4A74-AFCF-4546208B4539}.Release x64|x64.ActiveCfg = Release|Any CPU
		{2880D457-9845-4A74-AFCF-4546208B4539}.Release x64|x64.Build.0 = Release|Any CPU
		{2880D457-9845-4A74-AFCF-4546208B4539}.Release x64|x86.ActiveCfg = Release|Any CPU
		{2880D457-9845-4A74-AFCF-4546208B4539}.Release x64|x86.Build.0 = Release|Any CPU
		{2880D457-9845-4A74-AFCF-4546208B4539}.Release x86|Any CPU.ActiveCfg = Release|Any CPU
		{2880D457-9845-4A74-AFCF-4546208B4539}.Release x86|Any CPU.Build.0 = Release|Any CPU
		{2880D457-9845-4A74-AFCF-4546208B4539}.Release x86|x64.ActiveCfg = Release|Any CPU
		{2880D457-9845-4A74-AFCF-4546208B4539}.Release x86|x64.Build.0 = Release|Any CPU
		{2880D457-9845-4A74-AFCF-4546208B4539}.Release x86|x86.ActiveCfg = Release|Any CPU
		{2880D457-9845-4A74-AFCF-4546208B4539}.Release x86|x86.Build.0 = Release|Any CPU
		{2880D457-9845-4A74-AFCF-4546208B4539}.Release|Any CPU.ActiveCfg = Release|Any CPU
		{2880D457-9845-4A74-AFCF-4546208B4539}.Release|Any CPU.Build.0 = Release|Any CPU
		{2880D457-9845-4A74-AFCF-4546208B4539}.Release|x64.ActiveCfg = Release|Any CPU
		{2880D457-9845-4A74-AFCF-4546208B4539}.Release|x64.Build.0 = Release|Any CPU
		{2880D457-9845-4A74-AFCF-4546208B4539}.Release|x86.ActiveCfg = Release|Any CPU
		{2880D457-9845-4A74-AFCF-4546208B4539}.Release|x86.Build.0 = Release|Any CPU
		{FCCC8BE9-BB05-49CB-A571-11E0F2E525A0}.Debug x64|Any CPU.ActiveCfg = Debug|Any CPU
		{FCCC8BE9-BB05-49CB-A571-11E0F2E525A0}.Debug x64|Any CPU.Build.0 = Debug|Any CPU
		{FCCC8BE9-BB05-49CB-A571-11E0F2E525A0}.Debug x64|x64.ActiveCfg = Debug|Any CPU
		{FCCC8BE9-BB05-49CB-A571-11E0F2E525A0}.Debug x64|x64.Build.0 = Debug|Any CPU
		{FCCC8BE9-BB05-49CB-A571-11E0F2E525A0}.Debug x64|x86.ActiveCfg = Debug|Any CPU
		{FCCC8BE9-BB05-49CB-A571-11E0F2E525A0}.Debug x64|x86.Build.0 = Debug|Any CPU
		{FCCC8BE9-BB05-49CB-A571-11E0F2E525A0}.Debug x86|Any CPU.ActiveCfg = Debug|Any CPU
		{FCCC8BE9-BB05-49CB-A571-11E0F2E525A0}.Debug x86|Any CPU.Build.0 = Debug|Any CPU
		{FCCC8BE9-BB05-49CB-A571-11E0F2E525A0}.Debug x86|x64.ActiveCfg = Debug|Any CPU
		{FCCC8BE9-BB05-49CB-A571-11E0F2E525A0}.Debug x86|x64.Build.0 = Debug|Any CPU
		{FCCC8BE9-BB05-49CB-A571-11E0F2E525A0}.Debug x86|x86.ActiveCfg = Debug|Any CPU
		{FCCC8BE9-BB05-49CB-A571-11E0F2E525A0}.Debug x86|x86.Build.0 = Debug|Any CPU
		{FCCC8BE9-BB05-49CB-A571-11E0F2E525A0}.Debug|Any CPU.ActiveCfg = Debug|Any CPU
		{FCCC8BE9-BB05-49CB-A571-11E0F2E525A0}.Debug|Any CPU.Build.0 = Debug|Any CPU
		{FCCC8BE9-BB05-49CB-A571-11E0F2E525A0}.Debug|x64.ActiveCfg = Debug|Any CPU
		{FCCC8BE9-BB05-49CB-A571-11E0F2E525A0}.Debug|x64.Build.0 = Debug|Any CPU
		{FCCC8BE9-BB05-49CB-A571-11E0F2E525A0}.Debug|x86.ActiveCfg = Debug|Any CPU
		{FCCC8BE9-BB05-49CB-A571-11E0F2E525A0}.Debug|x86.Build.0 = Debug|Any CPU
		{FCCC8BE9-BB05-49CB-A571-11E0F2E525A0}.Release x64|Any CPU.ActiveCfg = Release|Any CPU
		{FCCC8BE9-BB05-49CB-A571-11E0F2E525A0}.Release x64|Any CPU.Build.0 = Release|Any CPU
		{FCCC8BE9-BB05-49CB-A571-11E0F2E525A0}.Release x64|x64.ActiveCfg = Release|Any CPU
		{FCCC8BE9-BB05-49CB-A571-11E0F2E525A0}.Release x64|x64.Build.0 = Release|Any CPU
		{FCCC8BE9-BB05-49CB-A571-11E0F2E525A0}.Release x64|x86.ActiveCfg = Release|Any CPU
		{FCCC8BE9-BB05-49CB-A571-11E0F2E525A0}.Release x64|x86.Build.0 = Release|Any CPU
		{FCCC8BE9-BB05-49CB-A571-11E0F2E525A0}.Release x86|Any CPU.ActiveCfg = Release|Any CPU
		{FCCC8BE9-BB05-49CB-A571-11E0F2E525A0}.Release x86|Any CPU.Build.0 = Release|Any CPU
		{FCCC8BE9-BB05-49CB-A571-11E0F2E525A0}.Release x86|x64.ActiveCfg = Release|Any CPU
		{FCCC8BE9-BB05-49CB-A571-11E0F2E525A0}.Release x86|x64.Build.0 = Release|Any CPU
		{FCCC8BE9-BB05-49CB-A571-11E0F2E525A0}.Release x86|x86.ActiveCfg = Release|Any CPU
		{FCCC8BE9-BB05-49CB-A571-11E0F2E525A0}.Release x86|x86.Build.0 = Release|Any CPU
		{FCCC8BE9-BB05-49CB-A571-11E0F2E525A0}.Release|Any CPU.ActiveCfg = Release|Any CPU
		{FCCC8BE9-BB05-49CB-A571-11E0F2E525A0}.Release|Any CPU.Build.0 = Release|Any CPU
		{FCCC8BE9-BB05-49CB-A571-11E0F2E525A0}.Release|x64.ActiveCfg = Release|Any CPU
		{FCCC8BE9-BB05-49CB-A571-11E0F2E525A0}.Release|x64.Build.0 = Release|Any CPU
		{FCCC8BE9-BB05-49CB-A571-11E0F2E525A0}.Release|x86.ActiveCfg = Release|Any CPU
		{FCCC8BE9-BB05-49CB-A571-11E0F2E525A0}.Release|x86.Build.0 = Release|Any CPU
		{AAEE3680-06BC-461C-A030-0CA1646B0686}.Debug x64|Any CPU.ActiveCfg = Debug|Any CPU
		{AAEE3680-06BC-461C-A030-0CA1646B0686}.Debug x64|Any CPU.Build.0 = Debug|Any CPU
		{AAEE3680-06BC-461C-A030-0CA1646B0686}.Debug x64|x64.ActiveCfg = Debug|Any CPU
		{AAEE3680-06BC-461C-A030-0CA1646B0686}.Debug x64|x64.Build.0 = Debug|Any CPU
		{AAEE3680-06BC-461C-A030-0CA1646B0686}.Debug x64|x86.ActiveCfg = Debug|Any CPU
		{AAEE3680-06BC-461C-A030-0CA1646B0686}.Debug x64|x86.Build.0 = Debug|Any CPU
		{AAEE3680-06BC-461C-A030-0CA1646B0686}.Debug x86|Any CPU.ActiveCfg = Debug|Any CPU
		{AAEE3680-06BC-461C-A030-0CA1646B0686}.Debug x86|Any CPU.Build.0 = Debug|Any CPU
		{AAEE3680-06BC-461C-A030-0CA1646B0686}.Debug x86|x64.ActiveCfg = Debug|Any CPU
		{AAEE3680-06BC-461C-A030-0CA1646B0686}.Debug x86|x64.Build.0 = Debug|Any CPU
		{AAEE3680-06BC-461C-A030-0CA1646B0686}.Debug x86|x86.ActiveCfg = Debug|Any CPU
		{AAEE3680-06BC-461C-A030-0CA1646B0686}.Debug x86|x86.Build.0 = Debug|Any CPU
		{AAEE3680-06BC-461C-A030-0CA1646B0686}.Debug|Any CPU.ActiveCfg = Debug|Any CPU
		{AAEE3680-06BC-461C-A030-0CA1646B0686}.Debug|Any CPU.Build.0 = Debug|Any CPU
		{AAEE3680-06BC-461C-A030-0CA1646B0686}.Debug|x64.ActiveCfg = Debug|Any CPU
		{AAEE3680-06BC-461C-A030-0CA1646B0686}.Debug|x64.Build.0 = Debug|Any CPU
		{AAEE3680-06BC-461C-A030-0CA1646B0686}.Debug|x86.ActiveCfg = Debug|Any CPU
		{AAEE3680-06BC-461C-A030-0CA1646B0686}.Debug|x86.Build.0 = Debug|Any CPU
		{AAEE3680-06BC-461C-A030-0CA1646B0686}.Release x64|Any CPU.ActiveCfg = Release|Any CPU
		{AAEE3680-06BC-461C-A030-0CA1646B0686}.Release x64|Any CPU.Build.0 = Release|Any CPU
		{AAEE3680-06BC-461C-A030-0CA1646B0686}.Release x64|x64.ActiveCfg = Release|Any CPU
		{AAEE3680-06BC-461C-A030-0CA1646B0686}.Release x64|x64.Build.0 = Release|Any CPU
		{AAEE3680-06BC-461C-A030-0CA1646B0686}.Release x64|x86.ActiveCfg = Release|Any CPU
		{AAEE3680-06BC-461C-A030-0CA1646B0686}.Release x64|x86.Build.0 = Release|Any CPU
		{AAEE3680-06BC-461C-A030-0CA1646B0686}.Release x86|Any CPU.ActiveCfg = Release|Any CPU
		{AAEE3680-06BC-461C-A030-0CA1646B0686}.Release x86|Any CPU.Build.0 = Release|Any CPU
		{AAEE3680-06BC-461C-A030-0CA1646B0686}.Release x86|x64.ActiveCfg = Release|Any CPU
		{AAEE3680-06BC-461C-A030-0CA1646B0686}.Release x86|x64.Build.0 = Release|Any CPU
		{AAEE3680-06BC-461C-A030-0CA1646B0686}.Release x86|x86.ActiveCfg = Release|Any CPU
		{AAEE3680-06BC-461C-A030-0CA1646B0686}.Release x86|x86.Build.0 = Release|Any CPU
		{AAEE3680-06BC-461C-A030-0CA1646B0686}.Release|Any CPU.ActiveCfg = Release|Any CPU
		{AAEE3680-06BC-461C-A030-0CA1646B0686}.Release|Any CPU.Build.0 = Release|Any CPU
		{AAEE3680-06BC-461C-A030-0CA1646B0686}.Release|x64.ActiveCfg = Release|Any CPU
		{AAEE3680-06BC-461C-A030-0CA1646B0686}.Release|x64.Build.0 = Release|Any CPU
		{AAEE3680-06BC-461C-A030-0CA1646B0686}.Release|x86.ActiveCfg = Release|Any CPU
		{AAEE3680-06BC-461C-A030-0CA1646B0686}.Release|x86.Build.0 = Release|Any CPU
		{868B8578-5D24-4D81-918A-7311942B410D}.Debug x64|Any CPU.ActiveCfg = Debug|Any CPU
		{868B8578-5D24-4D81-918A-7311942B410D}.Debug x64|Any CPU.Build.0 = Debug|Any CPU
		{868B8578-5D24-4D81-918A-7311942B410D}.Debug x64|x64.ActiveCfg = Debug|Any CPU
		{868B8578-5D24-4D81-918A-7311942B410D}.Debug x64|x64.Build.0 = Debug|Any CPU
		{868B8578-5D24-4D81-918A-7311942B410D}.Debug x64|x86.ActiveCfg = Debug|Any CPU
		{868B8578-5D24-4D81-918A-7311942B410D}.Debug x64|x86.Build.0 = Debug|Any CPU
		{868B8578-5D24-4D81-918A-7311942B410D}.Debug x86|Any CPU.ActiveCfg = Debug|Any CPU
		{868B8578-5D24-4D81-918A-7311942B410D}.Debug x86|Any CPU.Build.0 = Debug|Any CPU
		{868B8578-5D24-4D81-918A-7311942B410D}.Debug x86|x64.ActiveCfg = Debug|Any CPU
		{868B8578-5D24-4D81-918A-7311942B410D}.Debug x86|x64.Build.0 = Debug|Any CPU
		{868B8578-5D24-4D81-918A-7311942B410D}.Debug x86|x86.ActiveCfg = Debug|Any CPU
		{868B8578-5D24-4D81-918A-7311942B410D}.Debug x86|x86.Build.0 = Debug|Any CPU
		{868B8578-5D24-4D81-918A-7311942B410D}.Debug|Any CPU.ActiveCfg = Debug|Any CPU
		{868B8578-5D24-4D81-918A-7311942B410D}.Debug|Any CPU.Build.0 = Debug|Any CPU
		{868B8578-5D24-4D81-918A-7311942B410D}.Debug|x64.ActiveCfg = Debug|Any CPU
		{868B8578-5D24-4D81-918A-7311942B410D}.Debug|x64.Build.0 = Debug|Any CPU
		{868B8578-5D24-4D81-918A-7311942B410D}.Debug|x86.ActiveCfg = Debug|Any CPU
		{868B8578-5D24-4D81-918A-7311942B410D}.Debug|x86.Build.0 = Debug|Any CPU
		{868B8578-5D24-4D81-918A-7311942B410D}.Release x64|Any CPU.ActiveCfg = Release|Any CPU
		{868B8578-5D24-4D81-918A-7311942B410D}.Release x64|Any CPU.Build.0 = Release|Any CPU
		{868B8578-5D24-4D81-918A-7311942B410D}.Release x64|x64.ActiveCfg = Release|Any CPU
		{868B8578-5D24-4D81-918A-7311942B410D}.Release x64|x64.Build.0 = Release|Any CPU
		{868B8578-5D24-4D81-918A-7311942B410D}.Release x64|x86.ActiveCfg = Release|Any CPU
		{868B8578-5D24-4D81-918A-7311942B410D}.Release x64|x86.Build.0 = Release|Any CPU
		{868B8578-5D24-4D81-918A-7311942B410D}.Release x86|Any CPU.ActiveCfg = Release|Any CPU
		{868B8578-5D24-4D81-918A-7311942B410D}.Release x86|Any CPU.Build.0 = Release|Any CPU
		{868B8578-5D24-4D81-918A-7311942B410D}.Release x86|x64.ActiveCfg = Release|Any CPU
		{868B8578-5D24-4D81-918A-7311942B410D}.Release x86|x64.Build.0 = Release|Any CPU
		{868B8578-5D24-4D81-918A-7311942B410D}.Release x86|x86.ActiveCfg = Release|Any CPU
		{868B8578-5D24-4D81-918A-7311942B410D}.Release x86|x86.Build.0 = Release|Any CPU
		{868B8578-5D24-4D81-918A-7311942B410D}.Release|Any CPU.ActiveCfg = Release|Any CPU
		{868B8578-5D24-4D81-918A-7311942B410D}.Release|Any CPU.Build.0 = Release|Any CPU
		{868B8578-5D24-4D81-918A-7311942B410D}.Release|x64.ActiveCfg = Release|Any CPU
		{868B8578-5D24-4D81-918A-7311942B410D}.Release|x64.Build.0 = Release|Any CPU
		{868B8578-5D24-4D81-918A-7311942B410D}.Release|x86.ActiveCfg = Release|Any CPU
		{868B8578-5D24-4D81-918A-7311942B410D}.Release|x86.Build.0 = Release|Any CPU
		{490F30C6-DC7C-41BA-BE11-C02EDA991959}.Debug x64|Any CPU.ActiveCfg = Debug|Any CPU
		{490F30C6-DC7C-41BA-BE11-C02EDA991959}.Debug x64|Any CPU.Build.0 = Debug|Any CPU
		{490F30C6-DC7C-41BA-BE11-C02EDA991959}.Debug x64|x64.ActiveCfg = Debug|Any CPU
		{490F30C6-DC7C-41BA-BE11-C02EDA991959}.Debug x64|x64.Build.0 = Debug|Any CPU
		{490F30C6-DC7C-41BA-BE11-C02EDA991959}.Debug x64|x86.ActiveCfg = Debug|Any CPU
		{490F30C6-DC7C-41BA-BE11-C02EDA991959}.Debug x64|x86.Build.0 = Debug|Any CPU
		{490F30C6-DC7C-41BA-BE11-C02EDA991959}.Debug x86|Any CPU.ActiveCfg = Debug|Any CPU
		{490F30C6-DC7C-41BA-BE11-C02EDA991959}.Debug x86|Any CPU.Build.0 = Debug|Any CPU
		{490F30C6-DC7C-41BA-BE11-C02EDA991959}.Debug x86|x64.ActiveCfg = Debug|Any CPU
		{490F30C6-DC7C-41BA-BE11-C02EDA991959}.Debug x86|x64.Build.0 = Debug|Any CPU
		{490F30C6-DC7C-41BA-BE11-C02EDA991959}.Debug x86|x86.ActiveCfg = Debug|Any CPU
		{490F30C6-DC7C-41BA-BE11-C02EDA991959}.Debug x86|x86.Build.0 = Debug|Any CPU
		{490F30C6-DC7C-41BA-BE11-C02EDA991959}.Debug|Any CPU.ActiveCfg = Debug|Any CPU
		{490F30C6-DC7C-41BA-BE11-C02EDA991959}.Debug|Any CPU.Build.0 = Debug|Any CPU
		{490F30C6-DC7C-41BA-BE11-C02EDA991959}.Debug|x64.ActiveCfg = Debug|Any CPU
		{490F30C6-DC7C-41BA-BE11-C02EDA991959}.Debug|x64.Build.0 = Debug|Any CPU
		{490F30C6-DC7C-41BA-BE11-C02EDA991959}.Debug|x86.ActiveCfg = Debug|Any CPU
		{490F30C6-DC7C-41BA-BE11-C02EDA991959}.Debug|x86.Build.0 = Debug|Any CPU
		{490F30C6-DC7C-41BA-BE11-C02EDA991959}.Release x64|Any CPU.ActiveCfg = Release|Any CPU
		{490F30C6-DC7C-41BA-BE11-C02EDA991959}.Release x64|Any CPU.Build.0 = Release|Any CPU
		{490F30C6-DC7C-41BA-BE11-C02EDA991959}.Release x64|x64.ActiveCfg = Release|Any CPU
		{490F30C6-DC7C-41BA-BE11-C02EDA991959}.Release x64|x64.Build.0 = Release|Any CPU
		{490F30C6-DC7C-41BA-BE11-C02EDA991959}.Release x64|x86.ActiveCfg = Release|Any CPU
		{490F30C6-DC7C-41BA-BE11-C02EDA991959}.Release x64|x86.Build.0 = Release|Any CPU
		{490F30C6-DC7C-41BA-BE11-C02EDA991959}.Release x86|Any CPU.ActiveCfg = Release|Any CPU
		{490F30C6-DC7C-41BA-BE11-C02EDA991959}.Release x86|Any CPU.Build.0 = Release|Any CPU
		{490F30C6-DC7C-41BA-BE11-C02EDA991959}.Release x86|x64.ActiveCfg = Release|Any CPU
		{490F30C6-DC7C-41BA-BE11-C02EDA991959}.Release x86|x64.Build.0 = Release|Any CPU
		{490F30C6-DC7C-41BA-BE11-C02EDA991959}.Release x86|x86.ActiveCfg = Release|Any CPU
		{490F30C6-DC7C-41BA-BE11-C02EDA991959}.Release x86|x86.Build.0 = Release|Any CPU
		{490F30C6-DC7C-41BA-BE11-C02EDA991959}.Release|Any CPU.ActiveCfg = Release|Any CPU
		{490F30C6-DC7C-41BA-BE11-C02EDA991959}.Release|Any CPU.Build.0 = Release|Any CPU
		{490F30C6-DC7C-41BA-BE11-C02EDA991959}.Release|x64.ActiveCfg = Release|Any CPU
		{490F30C6-DC7C-41BA-BE11-C02EDA991959}.Release|x64.Build.0 = Release|Any CPU
		{490F30C6-DC7C-41BA-BE11-C02EDA991959}.Release|x86.ActiveCfg = Release|Any CPU
		{490F30C6-DC7C-41BA-BE11-C02EDA991959}.Release|x86.Build.0 = Release|Any CPU
		{C26129D8-E156-494E-AB83-F5CE0F0BC0CE}.Debug x64|Any CPU.ActiveCfg = Debug|Any CPU
		{C26129D8-E156-494E-AB83-F5CE0F0BC0CE}.Debug x64|Any CPU.Build.0 = Debug|Any CPU
		{C26129D8-E156-494E-AB83-F5CE0F0BC0CE}.Debug x64|x64.ActiveCfg = Debug|Any CPU
		{C26129D8-E156-494E-AB83-F5CE0F0BC0CE}.Debug x64|x64.Build.0 = Debug|Any CPU
		{C26129D8-E156-494E-AB83-F5CE0F0BC0CE}.Debug x64|x86.ActiveCfg = Debug|Any CPU
		{C26129D8-E156-494E-AB83-F5CE0F0BC0CE}.Debug x64|x86.Build.0 = Debug|Any CPU
		{C26129D8-E156-494E-AB83-F5CE0F0BC0CE}.Debug x86|Any CPU.ActiveCfg = Debug|Any CPU
		{C26129D8-E156-494E-AB83-F5CE0F0BC0CE}.Debug x86|Any CPU.Build.0 = Debug|Any CPU
		{C26129D8-E156-494E-AB83-F5CE0F0BC0CE}.Debug x86|x64.ActiveCfg = Debug|Any CPU
		{C26129D8-E156-494E-AB83-F5CE0F0BC0CE}.Debug x86|x64.Build.0 = Debug|Any CPU
		{C26129D8-E156-494E-AB83-F5CE0F0BC0CE}.Debug x86|x86.ActiveCfg = Debug|Any CPU
		{C26129D8-E156-494E-AB83-F5CE0F0BC0CE}.Debug x86|x86.Build.0 = Debug|Any CPU
		{C26129D8-E156-494E-AB83-F5CE0F0BC0CE}.Debug|Any CPU.ActiveCfg = Debug|Any CPU
		{C26129D8-E156-494E-AB83-F5CE0F0BC0CE}.Debug|Any CPU.Build.0 = Debug|Any CPU
		{C26129D8-E156-494E-AB83-F5CE0F0BC0CE}.Debug|x64.ActiveCfg = Debug|Any CPU
		{C26129D8-E156-494E-AB83-F5CE0F0BC0CE}.Debug|x64.Build.0 = Debug|Any CPU
		{C26129D8-E156-494E-AB83-F5CE0F0BC0CE}.Debug|x86.ActiveCfg = Debug|Any CPU
		{C26129D8-E156-494E-AB83-F5CE0F0BC0CE}.Debug|x86.Build.0 = Debug|Any CPU
		{C26129D8-E156-494E-AB83-F5CE0F0BC0CE}.Release x64|Any CPU.ActiveCfg = Release|Any CPU
		{C26129D8-E156-494E-AB83-F5CE0F0BC0CE}.Release x64|Any CPU.Build.0 = Release|Any CPU
		{C26129D8-E156-494E-AB83-F5CE0F0BC0CE}.Release x64|x64.ActiveCfg = Release|Any CPU
		{C26129D8-E156-494E-AB83-F5CE0F0BC0CE}.Release x64|x64.Build.0 = Release|Any CPU
		{C26129D8-E156-494E-AB83-F5CE0F0BC0CE}.Release x64|x86.ActiveCfg = Release|Any CPU
		{C26129D8-E156-494E-AB83-F5CE0F0BC0CE}.Release x64|x86.Build.0 = Release|Any CPU
		{C26129D8-E156-494E-AB83-F5CE0F0BC0CE}.Release x86|Any CPU.ActiveCfg = Release|Any CPU
		{C26129D8-E156-494E-AB83-F5CE0F0BC0CE}.Release x86|Any CPU.Build.0 = Release|Any CPU
		{C26129D8-E156-494E-AB83-F5CE0F0BC0CE}.Release x86|x64.ActiveCfg = Release|Any CPU
		{C26129D8-E156-494E-AB83-F5CE0F0BC0CE}.Release x86|x64.Build.0 = Release|Any CPU
		{C26129D8-E156-494E-AB83-F5CE0F0BC0CE}.Release x86|x86.ActiveCfg = Release|Any CPU
		{C26129D8-E156-494E-AB83-F5CE0F0BC0CE}.Release x86|x86.Build.0 = Release|Any CPU
		{C26129D8-E156-494E-AB83-F5CE0F0BC0CE}.Release|Any CPU.ActiveCfg = Release|Any CPU
		{C26129D8-E156-494E-AB83-F5CE0F0BC0CE}.Release|Any CPU.Build.0 = Release|Any CPU
		{C26129D8-E156-494E-AB83-F5CE0F0BC0CE}.Release|x64.ActiveCfg = Release|Any CPU
		{C26129D8-E156-494E-AB83-F5CE0F0BC0CE}.Release|x64.Build.0 = Release|Any CPU
		{C26129D8-E156-494E-AB83-F5CE0F0BC0CE}.Release|x86.ActiveCfg = Release|Any CPU
		{C26129D8-E156-494E-AB83-F5CE0F0BC0CE}.Release|x86.Build.0 = Release|Any CPU
		{83A8B035-AC59-4CDC-A1E2-87746971B844}.Debug x64|Any CPU.ActiveCfg = Debug|Any CPU
		{83A8B035-AC59-4CDC-A1E2-87746971B844}.Debug x64|Any CPU.Build.0 = Debug|Any CPU
		{83A8B035-AC59-4CDC-A1E2-87746971B844}.Debug x64|x64.ActiveCfg = Debug|Any CPU
		{83A8B035-AC59-4CDC-A1E2-87746971B844}.Debug x64|x64.Build.0 = Debug|Any CPU
		{83A8B035-AC59-4CDC-A1E2-87746971B844}.Debug x64|x86.ActiveCfg = Debug|Any CPU
		{83A8B035-AC59-4CDC-A1E2-87746971B844}.Debug x64|x86.Build.0 = Debug|Any CPU
		{83A8B035-AC59-4CDC-A1E2-87746971B844}.Debug x86|Any CPU.ActiveCfg = Debug|Any CPU
		{83A8B035-AC59-4CDC-A1E2-87746971B844}.Debug x86|Any CPU.Build.0 = Debug|Any CPU
		{83A8B035-AC59-4CDC-A1E2-87746971B844}.Debug x86|x64.ActiveCfg = Debug|Any CPU
		{83A8B035-AC59-4CDC-A1E2-87746971B844}.Debug x86|x64.Build.0 = Debug|Any CPU
		{83A8B035-AC59-4CDC-A1E2-87746971B844}.Debug x86|x86.ActiveCfg = Debug|Any CPU
		{83A8B035-AC59-4CDC-A1E2-87746971B844}.Debug x86|x86.Build.0 = Debug|Any CPU
		{83A8B035-AC59-4CDC-A1E2-87746971B844}.Debug|Any CPU.ActiveCfg = Debug|Any CPU
		{83A8B035-AC59-4CDC-A1E2-87746971B844}.Debug|Any CPU.Build.0 = Debug|Any CPU
		{83A8B035-AC59-4CDC-A1E2-87746971B844}.Debug|x64.ActiveCfg = Debug|Any CPU
		{83A8B035-AC59-4CDC-A1E2-87746971B844}.Debug|x64.Build.0 = Debug|Any CPU
		{83A8B035-AC59-4CDC-A1E2-87746971B844}.Debug|x86.ActiveCfg = Debug|Any CPU
		{83A8B035-AC59-4CDC-A1E2-87746971B844}.Debug|x86.Build.0 = Debug|Any CPU
		{83A8B035-AC59-4CDC-A1E2-87746971B844}.Release x64|Any CPU.ActiveCfg = Release|Any CPU
		{83A8B035-AC59-4CDC-A1E2-87746971B844}.Release x64|Any CPU.Build.0 = Release|Any CPU
		{83A8B035-AC59-4CDC-A1E2-87746971B844}.Release x64|x64.ActiveCfg = Release|Any CPU
		{83A8B035-AC59-4CDC-A1E2-87746971B844}.Release x64|x64.Build.0 = Release|Any CPU
		{83A8B035-AC59-4CDC-A1E2-87746971B844}.Release x64|x86.ActiveCfg = Release|Any CPU
		{83A8B035-AC59-4CDC-A1E2-87746971B844}.Release x64|x86.Build.0 = Release|Any CPU
		{83A8B035-AC59-4CDC-A1E2-87746971B844}.Release x86|Any CPU.ActiveCfg = Release|Any CPU
		{83A8B035-AC59-4CDC-A1E2-87746971B844}.Release x86|Any CPU.Build.0 = Release|Any CPU
		{83A8B035-AC59-4CDC-A1E2-87746971B844}.Release x86|x64.ActiveCfg = Release|Any CPU
		{83A8B035-AC59-4CDC-A1E2-87746971B844}.Release x86|x64.Build.0 = Release|Any CPU
		{83A8B035-AC59-4CDC-A1E2-87746971B844}.Release x86|x86.ActiveCfg = Release|Any CPU
		{83A8B035-AC59-4CDC-A1E2-87746971B844}.Release x86|x86.Build.0 = Release|Any CPU
		{83A8B035-AC59-4CDC-A1E2-87746971B844}.Release|Any CPU.ActiveCfg = Release|Any CPU
		{83A8B035-AC59-4CDC-A1E2-87746971B844}.Release|Any CPU.Build.0 = Release|Any CPU
		{83A8B035-AC59-4CDC-A1E2-87746971B844}.Release|x64.ActiveCfg = Release|Any CPU
		{83A8B035-AC59-4CDC-A1E2-87746971B844}.Release|x64.Build.0 = Release|Any CPU
		{83A8B035-AC59-4CDC-A1E2-87746971B844}.Release|x86.ActiveCfg = Release|Any CPU
		{83A8B035-AC59-4CDC-A1E2-87746971B844}.Release|x86.Build.0 = Release|Any CPU
		{459F9022-38F9-46BB-9E88-C8C2E66CA86C}.Debug x64|Any CPU.ActiveCfg = Debug|Any CPU
		{459F9022-38F9-46BB-9E88-C8C2E66CA86C}.Debug x64|Any CPU.Build.0 = Debug|Any CPU
		{459F9022-38F9-46BB-9E88-C8C2E66CA86C}.Debug x64|x64.ActiveCfg = Debug|Any CPU
		{459F9022-38F9-46BB-9E88-C8C2E66CA86C}.Debug x64|x64.Build.0 = Debug|Any CPU
		{459F9022-38F9-46BB-9E88-C8C2E66CA86C}.Debug x64|x86.ActiveCfg = Debug|Any CPU
		{459F9022-38F9-46BB-9E88-C8C2E66CA86C}.Debug x64|x86.Build.0 = Debug|Any CPU
		{459F9022-38F9-46BB-9E88-C8C2E66CA86C}.Debug x86|Any CPU.ActiveCfg = Debug|Any CPU
		{459F9022-38F9-46BB-9E88-C8C2E66CA86C}.Debug x86|Any CPU.Build.0 = Debug|Any CPU
		{459F9022-38F9-46BB-9E88-C8C2E66CA86C}.Debug x86|x64.ActiveCfg = Debug|Any CPU
		{459F9022-38F9-46BB-9E88-C8C2E66CA86C}.Debug x86|x64.Build.0 = Debug|Any CPU
		{459F9022-38F9-46BB-9E88-C8C2E66CA86C}.Debug x86|x86.ActiveCfg = Debug|Any CPU
		{459F9022-38F9-46BB-9E88-C8C2E66CA86C}.Debug x86|x86.Build.0 = Debug|Any CPU
		{459F9022-38F9-46BB-9E88-C8C2E66CA86C}.Debug|Any CPU.ActiveCfg = Debug|Any CPU
		{459F9022-38F9-46BB-9E88-C8C2E66CA86C}.Debug|Any CPU.Build.0 = Debug|Any CPU
		{459F9022-38F9-46BB-9E88-C8C2E66CA86C}.Debug|x64.ActiveCfg = Debug|Any CPU
		{459F9022-38F9-46BB-9E88-C8C2E66CA86C}.Debug|x64.Build.0 = Debug|Any CPU
		{459F9022-38F9-46BB-9E88-C8C2E66CA86C}.Debug|x86.ActiveCfg = Debug|Any CPU
		{459F9022-38F9-46BB-9E88-C8C2E66CA86C}.Debug|x86.Build.0 = Debug|Any CPU
		{459F9022-38F9-46BB-9E88-C8C2E66CA86C}.Release x64|Any CPU.ActiveCfg = Release|Any CPU
		{459F9022-38F9-46BB-9E88-C8C2E66CA86C}.Release x64|Any CPU.Build.0 = Release|Any CPU
		{459F9022-38F9-46BB-9E88-C8C2E66CA86C}.Release x64|x64.ActiveCfg = Release|Any CPU
		{459F9022-38F9-46BB-9E88-C8C2E66CA86C}.Release x64|x64.Build.0 = Release|Any CPU
		{459F9022-38F9-46BB-9E88-C8C2E66CA86C}.Release x64|x86.ActiveCfg = Release|Any CPU
		{459F9022-38F9-46BB-9E88-C8C2E66CA86C}.Release x64|x86.Build.0 = Release|Any CPU
		{459F9022-38F9-46BB-9E88-C8C2E66CA86C}.Release x86|Any CPU.ActiveCfg = Release|Any CPU
		{459F9022-38F9-46BB-9E88-C8C2E66CA86C}.Release x86|Any CPU.Build.0 = Release|Any CPU
		{459F9022-38F9-46BB-9E88-C8C2E66CA86C}.Release x86|x64.ActiveCfg = Release|Any CPU
		{459F9022-38F9-46BB-9E88-C8C2E66CA86C}.Release x86|x64.Build.0 = Release|Any CPU
		{459F9022-38F9-46BB-9E88-C8C2E66CA86C}.Release x86|x86.ActiveCfg = Release|Any CPU
		{459F9022-38F9-46BB-9E88-C8C2E66CA86C}.Release x86|x86.Build.0 = Release|Any CPU
		{459F9022-38F9-46BB-9E88-C8C2E66CA86C}.Release|Any CPU.ActiveCfg = Release|Any CPU
		{459F9022-38F9-46BB-9E88-C8C2E66CA86C}.Release|Any CPU.Build.0 = Release|Any CPU
		{459F9022-38F9-46BB-9E88-C8C2E66CA86C}.Release|x64.ActiveCfg = Release|Any CPU
		{459F9022-38F9-46BB-9E88-C8C2E66CA86C}.Release|x64.Build.0 = Release|Any CPU
		{459F9022-38F9-46BB-9E88-C8C2E66CA86C}.Release|x86.ActiveCfg = Release|Any CPU
		{459F9022-38F9-46BB-9E88-C8C2E66CA86C}.Release|x86.Build.0 = Release|Any CPU
		{7A578E81-2324-4CBA-8E7A-B20AFA7B4F60}.Debug x64|Any CPU.ActiveCfg = Debug|Any CPU
		{7A578E81-2324-4CBA-8E7A-B20AFA7B4F60}.Debug x64|Any CPU.Build.0 = Debug|Any CPU
		{7A578E81-2324-4CBA-8E7A-B20AFA7B4F60}.Debug x64|x64.ActiveCfg = Debug|Any CPU
		{7A578E81-2324-4CBA-8E7A-B20AFA7B4F60}.Debug x64|x64.Build.0 = Debug|Any CPU
		{7A578E81-2324-4CBA-8E7A-B20AFA7B4F60}.Debug x64|x86.ActiveCfg = Debug|Any CPU
		{7A578E81-2324-4CBA-8E7A-B20AFA7B4F60}.Debug x64|x86.Build.0 = Debug|Any CPU
		{7A578E81-2324-4CBA-8E7A-B20AFA7B4F60}.Debug x86|Any CPU.ActiveCfg = Debug|Any CPU
		{7A578E81-2324-4CBA-8E7A-B20AFA7B4F60}.Debug x86|Any CPU.Build.0 = Debug|Any CPU
		{7A578E81-2324-4CBA-8E7A-B20AFA7B4F60}.Debug x86|x64.ActiveCfg = Debug|Any CPU
		{7A578E81-2324-4CBA-8E7A-B20AFA7B4F60}.Debug x86|x64.Build.0 = Debug|Any CPU
		{7A578E81-2324-4CBA-8E7A-B20AFA7B4F60}.Debug x86|x86.ActiveCfg = Debug|Any CPU
		{7A578E81-2324-4CBA-8E7A-B20AFA7B4F60}.Debug x86|x86.Build.0 = Debug|Any CPU
		{7A578E81-2324-4CBA-8E7A-B20AFA7B4F60}.Debug|Any CPU.ActiveCfg = Debug|Any CPU
		{7A578E81-2324-4CBA-8E7A-B20AFA7B4F60}.Debug|Any CPU.Build.0 = Debug|Any CPU
		{7A578E81-2324-4CBA-8E7A-B20AFA7B4F60}.Debug|x64.ActiveCfg = Debug|Any CPU
		{7A578E81-2324-4CBA-8E7A-B20AFA7B4F60}.Debug|x64.Build.0 = Debug|Any CPU
		{7A578E81-2324-4CBA-8E7A-B20AFA7B4F60}.Debug|x86.ActiveCfg = Debug|Any CPU
		{7A578E81-2324-4CBA-8E7A-B20AFA7B4F60}.Debug|x86.Build.0 = Debug|Any CPU
		{7A578E81-2324-4CBA-8E7A-B20AFA7B4F60}.Release x64|Any CPU.ActiveCfg = Release|Any CPU
		{7A578E81-2324-4CBA-8E7A-B20AFA7B4F60}.Release x64|Any CPU.Build.0 = Release|Any CPU
		{7A578E81-2324-4CBA-8E7A-B20AFA7B4F60}.Release x64|x64.ActiveCfg = Release|Any CPU
		{7A578E81-2324-4CBA-8E7A-B20AFA7B4F60}.Release x64|x64.Build.0 = Release|Any CPU
		{7A578E81-2324-4CBA-8E7A-B20AFA7B4F60}.Release x64|x86.ActiveCfg = Release|Any CPU
		{7A578E81-2324-4CBA-8E7A-B20AFA7B4F60}.Release x64|x86.Build.0 = Release|Any CPU
		{7A578E81-2324-4CBA-8E7A-B20AFA7B4F60}.Release x86|Any CPU.ActiveCfg = Release|Any CPU
		{7A578E81-2324-4CBA-8E7A-B20AFA7B4F60}.Release x86|Any CPU.Build.0 = Release|Any CPU
		{7A578E81-2324-4CBA-8E7A-B20AFA7B4F60}.Release x86|x64.ActiveCfg = Release|Any CPU
		{7A578E81-2324-4CBA-8E7A-B20AFA7B4F60}.Release x86|x64.Build.0 = Release|Any CPU
		{7A578E81-2324-4CBA-8E7A-B20AFA7B4F60}.Release x86|x86.ActiveCfg = Release|Any CPU
		{7A578E81-2324-4CBA-8E7A-B20AFA7B4F60}.Release x86|x86.Build.0 = Release|Any CPU
		{7A578E81-2324-4CBA-8E7A-B20AFA7B4F60}.Release|Any CPU.ActiveCfg = Release|Any CPU
		{7A578E81-2324-4CBA-8E7A-B20AFA7B4F60}.Release|Any CPU.Build.0 = Release|Any CPU
		{7A578E81-2324-4CBA-8E7A-B20AFA7B4F60}.Release|x64.ActiveCfg = Release|Any CPU
		{7A578E81-2324-4CBA-8E7A-B20AFA7B4F60}.Release|x64.Build.0 = Release|Any CPU
		{7A578E81-2324-4CBA-8E7A-B20AFA7B4F60}.Release|x86.ActiveCfg = Release|Any CPU
		{7A578E81-2324-4CBA-8E7A-B20AFA7B4F60}.Release|x86.Build.0 = Release|Any CPU
		{966A9D76-AD92-40B3-8708-F7AABCA824CB}.Debug x64|Any CPU.ActiveCfg = Debug|Any CPU
		{966A9D76-AD92-40B3-8708-F7AABCA824CB}.Debug x64|Any CPU.Build.0 = Debug|Any CPU
		{966A9D76-AD92-40B3-8708-F7AABCA824CB}.Debug x64|x64.ActiveCfg = Debug|Any CPU
		{966A9D76-AD92-40B3-8708-F7AABCA824CB}.Debug x64|x64.Build.0 = Debug|Any CPU
		{966A9D76-AD92-40B3-8708-F7AABCA824CB}.Debug x64|x86.ActiveCfg = Debug|Any CPU
		{966A9D76-AD92-40B3-8708-F7AABCA824CB}.Debug x64|x86.Build.0 = Debug|Any CPU
		{966A9D76-AD92-40B3-8708-F7AABCA824CB}.Debug x86|Any CPU.ActiveCfg = Debug|Any CPU
		{966A9D76-AD92-40B3-8708-F7AABCA824CB}.Debug x86|Any CPU.Build.0 = Debug|Any CPU
		{966A9D76-AD92-40B3-8708-F7AABCA824CB}.Debug x86|x64.ActiveCfg = Debug|Any CPU
		{966A9D76-AD92-40B3-8708-F7AABCA824CB}.Debug x86|x64.Build.0 = Debug|Any CPU
		{966A9D76-AD92-40B3-8708-F7AABCA824CB}.Debug x86|x86.ActiveCfg = Debug|Any CPU
		{966A9D76-AD92-40B3-8708-F7AABCA824CB}.Debug x86|x86.Build.0 = Debug|Any CPU
		{966A9D76-AD92-40B3-8708-F7AABCA824CB}.Debug|Any CPU.ActiveCfg = Debug|Any CPU
		{966A9D76-AD92-40B3-8708-F7AABCA824CB}.Debug|Any CPU.Build.0 = Debug|Any CPU
		{966A9D76-AD92-40B3-8708-F7AABCA824CB}.Debug|x64.ActiveCfg = Debug|Any CPU
		{966A9D76-AD92-40B3-8708-F7AABCA824CB}.Debug|x64.Build.0 = Debug|Any CPU
		{966A9D76-AD92-40B3-8708-F7AABCA824CB}.Debug|x86.ActiveCfg = Debug|Any CPU
		{966A9D76-AD92-40B3-8708-F7AABCA824CB}.Debug|x86.Build.0 = Debug|Any CPU
		{966A9D76-AD92-40B3-8708-F7AABCA824CB}.Release x64|Any CPU.ActiveCfg = Release|Any CPU
		{966A9D76-AD92-40B3-8708-F7AABCA824CB}.Release x64|Any CPU.Build.0 = Release|Any CPU
		{966A9D76-AD92-40B3-8708-F7AABCA824CB}.Release x64|x64.ActiveCfg = Release|Any CPU
		{966A9D76-AD92-40B3-8708-F7AABCA824CB}.Release x64|x64.Build.0 = Release|Any CPU
		{966A9D76-AD92-40B3-8708-F7AABCA824CB}.Release x64|x86.ActiveCfg = Release|Any CPU
		{966A9D76-AD92-40B3-8708-F7AABCA824CB}.Release x64|x86.Build.0 = Release|Any CPU
		{966A9D76-AD92-40B3-8708-F7AABCA824CB}.Release x86|Any CPU.ActiveCfg = Release|Any CPU
		{966A9D76-AD92-40B3-8708-F7AABCA824CB}.Release x86|Any CPU.Build.0 = Release|Any CPU
		{966A9D76-AD92-40B3-8708-F7AABCA824CB}.Release x86|x64.ActiveCfg = Release|Any CPU
		{966A9D76-AD92-40B3-8708-F7AABCA824CB}.Release x86|x64.Build.0 = Release|Any CPU
		{966A9D76-AD92-40B3-8708-F7AABCA824CB}.Release x86|x86.ActiveCfg = Release|Any CPU
		{966A9D76-AD92-40B3-8708-F7AABCA824CB}.Release x86|x86.Build.0 = Release|Any CPU
		{966A9D76-AD92-40B3-8708-F7AABCA824CB}.Release|Any CPU.ActiveCfg = Release|Any CPU
		{966A9D76-AD92-40B3-8708-F7AABCA824CB}.Release|Any CPU.Build.0 = Release|Any CPU
		{966A9D76-AD92-40B3-8708-F7AABCA824CB}.Release|x64.ActiveCfg = Release|Any CPU
		{966A9D76-AD92-40B3-8708-F7AABCA824CB}.Release|x64.Build.0 = Release|Any CPU
		{966A9D76-AD92-40B3-8708-F7AABCA824CB}.Release|x86.ActiveCfg = Release|Any CPU
		{966A9D76-AD92-40B3-8708-F7AABCA824CB}.Release|x86.Build.0 = Release|Any CPU
		{3B5F9992-F5AD-4269-A3DB-465E33589A37}.Debug x64|Any CPU.ActiveCfg = Debug|Any CPU
		{3B5F9992-F5AD-4269-A3DB-465E33589A37}.Debug x64|Any CPU.Build.0 = Debug|Any CPU
		{3B5F9992-F5AD-4269-A3DB-465E33589A37}.Debug x64|x64.ActiveCfg = Debug|Any CPU
		{3B5F9992-F5AD-4269-A3DB-465E33589A37}.Debug x64|x64.Build.0 = Debug|Any CPU
		{3B5F9992-F5AD-4269-A3DB-465E33589A37}.Debug x64|x86.ActiveCfg = Debug|Any CPU
		{3B5F9992-F5AD-4269-A3DB-465E33589A37}.Debug x64|x86.Build.0 = Debug|Any CPU
		{3B5F9992-F5AD-4269-A3DB-465E33589A37}.Debug x86|Any CPU.ActiveCfg = Debug|Any CPU
		{3B5F9992-F5AD-4269-A3DB-465E33589A37}.Debug x86|Any CPU.Build.0 = Debug|Any CPU
		{3B5F9992-F5AD-4269-A3DB-465E33589A37}.Debug x86|x64.ActiveCfg = Debug|Any CPU
		{3B5F9992-F5AD-4269-A3DB-465E33589A37}.Debug x86|x64.Build.0 = Debug|Any CPU
		{3B5F9992-F5AD-4269-A3DB-465E33589A37}.Debug x86|x86.ActiveCfg = Debug|Any CPU
		{3B5F9992-F5AD-4269-A3DB-465E33589A37}.Debug x86|x86.Build.0 = Debug|Any CPU
		{3B5F9992-F5AD-4269-A3DB-465E33589A37}.Debug|Any CPU.ActiveCfg = Debug|Any CPU
		{3B5F9992-F5AD-4269-A3DB-465E33589A37}.Debug|Any CPU.Build.0 = Debug|Any CPU
		{3B5F9992-F5AD-4269-A3DB-465E33589A37}.Debug|x64.ActiveCfg = Debug|Any CPU
		{3B5F9992-F5AD-4269-A3DB-465E33589A37}.Debug|x64.Build.0 = Debug|Any CPU
		{3B5F9992-F5AD-4269-A3DB-465E33589A37}.Debug|x86.ActiveCfg = Debug|Any CPU
		{3B5F9992-F5AD-4269-A3DB-465E33589A37}.Debug|x86.Build.0 = Debug|Any CPU
		{3B5F9992-F5AD-4269-A3DB-465E33589A37}.Release x64|Any CPU.ActiveCfg = Release|Any CPU
		{3B5F9992-F5AD-4269-A3DB-465E33589A37}.Release x64|Any CPU.Build.0 = Release|Any CPU
		{3B5F9992-F5AD-4269-A3DB-465E33589A37}.Release x64|x64.ActiveCfg = Release|Any CPU
		{3B5F9992-F5AD-4269-A3DB-465E33589A37}.Release x64|x64.Build.0 = Release|Any CPU
		{3B5F9992-F5AD-4269-A3DB-465E33589A37}.Release x64|x86.ActiveCfg = Release|Any CPU
		{3B5F9992-F5AD-4269-A3DB-465E33589A37}.Release x64|x86.Build.0 = Release|Any CPU
		{3B5F9992-F5AD-4269-A3DB-465E33589A37}.Release x86|Any CPU.ActiveCfg = Release|Any CPU
		{3B5F9992-F5AD-4269-A3DB-465E33589A37}.Release x86|Any CPU.Build.0 = Release|Any CPU
		{3B5F9992-F5AD-4269-A3DB-465E33589A37}.Release x86|x64.ActiveCfg = Release|Any CPU
		{3B5F9992-F5AD-4269-A3DB-465E33589A37}.Release x86|x64.Build.0 = Release|Any CPU
		{3B5F9992-F5AD-4269-A3DB-465E33589A37}.Release x86|x86.ActiveCfg = Release|Any CPU
		{3B5F9992-F5AD-4269-A3DB-465E33589A37}.Release x86|x86.Build.0 = Release|Any CPU
		{3B5F9992-F5AD-4269-A3DB-465E33589A37}.Release|Any CPU.ActiveCfg = Release|Any CPU
		{3B5F9992-F5AD-4269-A3DB-465E33589A37}.Release|Any CPU.Build.0 = Release|Any CPU
		{3B5F9992-F5AD-4269-A3DB-465E33589A37}.Release|x64.ActiveCfg = Release|Any CPU
		{3B5F9992-F5AD-4269-A3DB-465E33589A37}.Release|x64.Build.0 = Release|Any CPU
		{3B5F9992-F5AD-4269-A3DB-465E33589A37}.Release|x86.ActiveCfg = Release|Any CPU
		{3B5F9992-F5AD-4269-A3DB-465E33589A37}.Release|x86.Build.0 = Release|Any CPU
		{1604A6CC-1B9E-4FCC-B3D4-6E1F39EFF8FC}.Debug x64|Any CPU.ActiveCfg = Debug|Win32
		{1604A6CC-1B9E-4FCC-B3D4-6E1F39EFF8FC}.Debug x64|Any CPU.Build.0 = Debug|Win32
		{1604A6CC-1B9E-4FCC-B3D4-6E1F39EFF8FC}.Debug x64|x64.ActiveCfg = Debug|x64
		{1604A6CC-1B9E-4FCC-B3D4-6E1F39EFF8FC}.Debug x64|x64.Build.0 = Debug|x64
		{1604A6CC-1B9E-4FCC-B3D4-6E1F39EFF8FC}.Debug x64|x86.ActiveCfg = Debug|Win32
		{1604A6CC-1B9E-4FCC-B3D4-6E1F39EFF8FC}.Debug x64|x86.Build.0 = Debug|Win32
		{1604A6CC-1B9E-4FCC-B3D4-6E1F39EFF8FC}.Debug x86|Any CPU.ActiveCfg = Debug|Win32
		{1604A6CC-1B9E-4FCC-B3D4-6E1F39EFF8FC}.Debug x86|Any CPU.Build.0 = Debug|Win32
		{1604A6CC-1B9E-4FCC-B3D4-6E1F39EFF8FC}.Debug x86|x64.ActiveCfg = Debug|x64
		{1604A6CC-1B9E-4FCC-B3D4-6E1F39EFF8FC}.Debug x86|x64.Build.0 = Debug|x64
		{1604A6CC-1B9E-4FCC-B3D4-6E1F39EFF8FC}.Debug x86|x86.ActiveCfg = Debug|Win32
		{1604A6CC-1B9E-4FCC-B3D4-6E1F39EFF8FC}.Debug x86|x86.Build.0 = Debug|Win32
		{1604A6CC-1B9E-4FCC-B3D4-6E1F39EFF8FC}.Debug|Any CPU.ActiveCfg = Debug|Win32
		{1604A6CC-1B9E-4FCC-B3D4-6E1F39EFF8FC}.Debug|x64.ActiveCfg = Debug|x64
		{1604A6CC-1B9E-4FCC-B3D4-6E1F39EFF8FC}.Debug|x64.Build.0 = Debug|x64
		{1604A6CC-1B9E-4FCC-B3D4-6E1F39EFF8FC}.Debug|x86.ActiveCfg = Debug|Win32
		{1604A6CC-1B9E-4FCC-B3D4-6E1F39EFF8FC}.Debug|x86.Build.0 = Debug|Win32
		{1604A6CC-1B9E-4FCC-B3D4-6E1F39EFF8FC}.Release x64|Any CPU.ActiveCfg = Release|x64
		{1604A6CC-1B9E-4FCC-B3D4-6E1F39EFF8FC}.Release x64|Any CPU.Build.0 = Release|x64
		{1604A6CC-1B9E-4FCC-B3D4-6E1F39EFF8FC}.Release x64|x64.ActiveCfg = Release|x64
		{1604A6CC-1B9E-4FCC-B3D4-6E1F39EFF8FC}.Release x64|x64.Build.0 = Release|x64
		{1604A6CC-1B9E-4FCC-B3D4-6E1F39EFF8FC}.Release x64|x86.ActiveCfg = Release|Win32
		{1604A6CC-1B9E-4FCC-B3D4-6E1F39EFF8FC}.Release x64|x86.Build.0 = Release|Win32
		{1604A6CC-1B9E-4FCC-B3D4-6E1F39EFF8FC}.Release x86|Any CPU.ActiveCfg = Release|x64
		{1604A6CC-1B9E-4FCC-B3D4-6E1F39EFF8FC}.Release x86|Any CPU.Build.0 = Release|x64
		{1604A6CC-1B9E-4FCC-B3D4-6E1F39EFF8FC}.Release x86|x64.ActiveCfg = Release|x64
		{1604A6CC-1B9E-4FCC-B3D4-6E1F39EFF8FC}.Release x86|x64.Build.0 = Release|x64
		{1604A6CC-1B9E-4FCC-B3D4-6E1F39EFF8FC}.Release x86|x86.ActiveCfg = Release|Win32
		{1604A6CC-1B9E-4FCC-B3D4-6E1F39EFF8FC}.Release x86|x86.Build.0 = Release|Win32
		{1604A6CC-1B9E-4FCC-B3D4-6E1F39EFF8FC}.Release|Any CPU.ActiveCfg = Release|Win32
		{1604A6CC-1B9E-4FCC-B3D4-6E1F39EFF8FC}.Release|x64.ActiveCfg = Release|x64
		{1604A6CC-1B9E-4FCC-B3D4-6E1F39EFF8FC}.Release|x64.Build.0 = Release|x64
		{1604A6CC-1B9E-4FCC-B3D4-6E1F39EFF8FC}.Release|x86.ActiveCfg = Release|Win32
		{1604A6CC-1B9E-4FCC-B3D4-6E1F39EFF8FC}.Release|x86.Build.0 = Release|Win32
		{071F6F9C-2D26-4BA7-ADC5-674B5D35AF37}.Debug x64|Any CPU.ActiveCfg = Debug|Any CPU
		{071F6F9C-2D26-4BA7-ADC5-674B5D35AF37}.Debug x64|Any CPU.Build.0 = Debug|Any CPU
		{071F6F9C-2D26-4BA7-ADC5-674B5D35AF37}.Debug x64|x64.ActiveCfg = Debug|Any CPU
		{071F6F9C-2D26-4BA7-ADC5-674B5D35AF37}.Debug x64|x64.Build.0 = Debug|Any CPU
		{071F6F9C-2D26-4BA7-ADC5-674B5D35AF37}.Debug x64|x86.ActiveCfg = Debug|Any CPU
		{071F6F9C-2D26-4BA7-ADC5-674B5D35AF37}.Debug x64|x86.Build.0 = Debug|Any CPU
		{071F6F9C-2D26-4BA7-ADC5-674B5D35AF37}.Debug x86|Any CPU.ActiveCfg = Debug|Any CPU
		{071F6F9C-2D26-4BA7-ADC5-674B5D35AF37}.Debug x86|Any CPU.Build.0 = Debug|Any CPU
		{071F6F9C-2D26-4BA7-ADC5-674B5D35AF37}.Debug x86|x64.ActiveCfg = Debug|Any CPU
		{071F6F9C-2D26-4BA7-ADC5-674B5D35AF37}.Debug x86|x64.Build.0 = Debug|Any CPU
		{071F6F9C-2D26-4BA7-ADC5-674B5D35AF37}.Debug x86|x86.ActiveCfg = Debug|Any CPU
		{071F6F9C-2D26-4BA7-ADC5-674B5D35AF37}.Debug x86|x86.Build.0 = Debug|Any CPU
		{071F6F9C-2D26-4BA7-ADC5-674B5D35AF37}.Debug|Any CPU.ActiveCfg = Debug|Any CPU
		{071F6F9C-2D26-4BA7-ADC5-674B5D35AF37}.Debug|Any CPU.Build.0 = Debug|Any CPU
		{071F6F9C-2D26-4BA7-ADC5-674B5D35AF37}.Debug|x64.ActiveCfg = Debug|Any CPU
		{071F6F9C-2D26-4BA7-ADC5-674B5D35AF37}.Debug|x64.Build.0 = Debug|Any CPU
		{071F6F9C-2D26-4BA7-ADC5-674B5D35AF37}.Debug|x86.ActiveCfg = Debug|Any CPU
		{071F6F9C-2D26-4BA7-ADC5-674B5D35AF37}.Debug|x86.Build.0 = Debug|Any CPU
		{071F6F9C-2D26-4BA7-ADC5-674B5D35AF37}.Release x64|Any CPU.ActiveCfg = Release|Any CPU
		{071F6F9C-2D26-4BA7-ADC5-674B5D35AF37}.Release x64|Any CPU.Build.0 = Release|Any CPU
		{071F6F9C-2D26-4BA7-ADC5-674B5D35AF37}.Release x64|x64.ActiveCfg = Release|Any CPU
		{071F6F9C-2D26-4BA7-ADC5-674B5D35AF37}.Release x64|x64.Build.0 = Release|Any CPU
		{071F6F9C-2D26-4BA7-ADC5-674B5D35AF37}.Release x64|x86.ActiveCfg = Release|Any CPU
		{071F6F9C-2D26-4BA7-ADC5-674B5D35AF37}.Release x64|x86.Build.0 = Release|Any CPU
		{071F6F9C-2D26-4BA7-ADC5-674B5D35AF37}.Release x86|Any CPU.ActiveCfg = Release|Any CPU
		{071F6F9C-2D26-4BA7-ADC5-674B5D35AF37}.Release x86|Any CPU.Build.0 = Release|Any CPU
		{071F6F9C-2D26-4BA7-ADC5-674B5D35AF37}.Release x86|x64.ActiveCfg = Release|Any CPU
		{071F6F9C-2D26-4BA7-ADC5-674B5D35AF37}.Release x86|x64.Build.0 = Release|Any CPU
		{071F6F9C-2D26-4BA7-ADC5-674B5D35AF37}.Release x86|x86.ActiveCfg = Release|Any CPU
		{071F6F9C-2D26-4BA7-ADC5-674B5D35AF37}.Release x86|x86.Build.0 = Release|Any CPU
		{071F6F9C-2D26-4BA7-ADC5-674B5D35AF37}.Release|Any CPU.ActiveCfg = Release|Any CPU
		{071F6F9C-2D26-4BA7-ADC5-674B5D35AF37}.Release|Any CPU.Build.0 = Release|Any CPU
		{071F6F9C-2D26-4BA7-ADC5-674B5D35AF37}.Release|x64.ActiveCfg = Release|Any CPU
		{071F6F9C-2D26-4BA7-ADC5-674B5D35AF37}.Release|x64.Build.0 = Release|Any CPU
		{071F6F9C-2D26-4BA7-ADC5-674B5D35AF37}.Release|x86.ActiveCfg = Release|Any CPU
		{071F6F9C-2D26-4BA7-ADC5-674B5D35AF37}.Release|x86.Build.0 = Release|Any CPU
		{4E241E4C-70B8-47FC-A607-9077241F3CBC}.Debug x64|Any CPU.ActiveCfg = Debug|Any CPU
		{4E241E4C-70B8-47FC-A607-9077241F3CBC}.Debug x64|Any CPU.Build.0 = Debug|Any CPU
		{4E241E4C-70B8-47FC-A607-9077241F3CBC}.Debug x64|x64.ActiveCfg = Debug|Any CPU
		{4E241E4C-70B8-47FC-A607-9077241F3CBC}.Debug x64|x64.Build.0 = Debug|Any CPU
		{4E241E4C-70B8-47FC-A607-9077241F3CBC}.Debug x64|x86.ActiveCfg = Debug|Any CPU
		{4E241E4C-70B8-47FC-A607-9077241F3CBC}.Debug x64|x86.Build.0 = Debug|Any CPU
		{4E241E4C-70B8-47FC-A607-9077241F3CBC}.Debug x86|Any CPU.ActiveCfg = Debug|Any CPU
		{4E241E4C-70B8-47FC-A607-9077241F3CBC}.Debug x86|Any CPU.Build.0 = Debug|Any CPU
		{4E241E4C-70B8-47FC-A607-9077241F3CBC}.Debug x86|x64.ActiveCfg = Debug|Any CPU
		{4E241E4C-70B8-47FC-A607-9077241F3CBC}.Debug x86|x64.Build.0 = Debug|Any CPU
		{4E241E4C-70B8-47FC-A607-9077241F3CBC}.Debug x86|x86.ActiveCfg = Debug|Any CPU
		{4E241E4C-70B8-47FC-A607-9077241F3CBC}.Debug x86|x86.Build.0 = Debug|Any CPU
		{4E241E4C-70B8-47FC-A607-9077241F3CBC}.Debug|Any CPU.ActiveCfg = Debug|Any CPU
		{4E241E4C-70B8-47FC-A607-9077241F3CBC}.Debug|Any CPU.Build.0 = Debug|Any CPU
		{4E241E4C-70B8-47FC-A607-9077241F3CBC}.Debug|x64.ActiveCfg = Debug|Any CPU
		{4E241E4C-70B8-47FC-A607-9077241F3CBC}.Debug|x64.Build.0 = Debug|Any CPU
		{4E241E4C-70B8-47FC-A607-9077241F3CBC}.Debug|x86.ActiveCfg = Debug|Any CPU
		{4E241E4C-70B8-47FC-A607-9077241F3CBC}.Debug|x86.Build.0 = Debug|Any CPU
		{4E241E4C-70B8-47FC-A607-9077241F3CBC}.Release x64|Any CPU.ActiveCfg = Release|Any CPU
		{4E241E4C-70B8-47FC-A607-9077241F3CBC}.Release x64|Any CPU.Build.0 = Release|Any CPU
		{4E241E4C-70B8-47FC-A607-9077241F3CBC}.Release x64|x64.ActiveCfg = Release|Any CPU
		{4E241E4C-70B8-47FC-A607-9077241F3CBC}.Release x64|x64.Build.0 = Release|Any CPU
		{4E241E4C-70B8-47FC-A607-9077241F3CBC}.Release x64|x86.ActiveCfg = Release|Any CPU
		{4E241E4C-70B8-47FC-A607-9077241F3CBC}.Release x64|x86.Build.0 = Release|Any CPU
		{4E241E4C-70B8-47FC-A607-9077241F3CBC}.Release x86|Any CPU.ActiveCfg = Release|Any CPU
		{4E241E4C-70B8-47FC-A607-9077241F3CBC}.Release x86|Any CPU.Build.0 = Release|Any CPU
		{4E241E4C-70B8-47FC-A607-9077241F3CBC}.Release x86|x64.ActiveCfg = Release|Any CPU
		{4E241E4C-70B8-47FC-A607-9077241F3CBC}.Release x86|x64.Build.0 = Release|Any CPU
		{4E241E4C-70B8-47FC-A607-9077241F3CBC}.Release x86|x86.ActiveCfg = Release|Any CPU
		{4E241E4C-70B8-47FC-A607-9077241F3CBC}.Release x86|x86.Build.0 = Release|Any CPU
		{4E241E4C-70B8-47FC-A607-9077241F3CBC}.Release|Any CPU.ActiveCfg = Release|Any CPU
		{4E241E4C-70B8-47FC-A607-9077241F3CBC}.Release|Any CPU.Build.0 = Release|Any CPU
		{4E241E4C-70B8-47FC-A607-9077241F3CBC}.Release|x64.ActiveCfg = Release|Any CPU
		{4E241E4C-70B8-47FC-A607-9077241F3CBC}.Release|x64.Build.0 = Release|Any CPU
		{4E241E4C-70B8-47FC-A607-9077241F3CBC}.Release|x86.ActiveCfg = Release|Any CPU
		{4E241E4C-70B8-47FC-A607-9077241F3CBC}.Release|x86.Build.0 = Release|Any CPU
	EndGlobalSection
	GlobalSection(SolutionProperties) = preSolution
		HideSolutionNode = FALSE
	EndGlobalSection
EndGlobal
